<?xml version="1.0" encoding="utf-8"?>
<Project ToolsVersion="4.0" xmlns="http://schemas.microsoft.com/developer/msbuild/2003">
  <ItemGroup>
    <ClCompile Include="main.cpp" />
    <ClCompile Include="EditorApp.cpp" />
    <ClCompile Include="EngineOverride\OpenGL\GLContextImpl.cpp" />
    <ClCompile Include="EngineOverride\OpenGL\GLImpl_3_0.cpp" />
    <ClCompile Include="EngineOverride\File\FileSystemWindows.cpp" />
    <ClCompile Include="Utils\CustomTreeWidget.cpp" />
    <ClCompile Include="EngineOverride\File\MeshLoaderWindows.cpp" />
    <ClCompile Include="InternalAssets\FreeCameraControl.cpp" />
    <ClCompile Include="Utils\QtUtils.cpp" />
    <ClCompile Include="Sections\AttrViewers\AttrViewer.cpp" />
    <ClCompile Include="Sections\AttrViewers\AttrViewer_Camera.cpp" />
    <ClCompile Include="Sections\AttrViewers\AttrViewer_CyredProj.cpp" />
    <ClCompile Include="Sections\AttrViewers\AttrViewer_GameObject.cpp" />
    <ClCompile Include="Sections\AttrViewers\AttrViewer_Material.cpp" />
    <ClCompile Include="Sections\AttrViewers\AttrViewer_Mesh.cpp" />
    <ClCompile Include="Sections\AttrViewers\AttrViewer_MeshRendering.cpp" />
    <ClCompile Include="Sections\AttrViewers\AttrViewer_Morph.cpp" />
    <ClCompile Include="Sections\AttrViewers\AttrViewer_MorphRendering.cpp" />
    <ClCompile Include="Sections\AttrViewers\AttrViewer_ParticleEmitter.cpp" />
    <ClCompile Include="Sections\AttrViewers\AttrViewer_Scene.cpp" />
    <ClCompile Include="Sections\AttrViewers\AttrViewer_Script.cpp" />
    <ClCompile Include="Sections\AttrViewers\AttrViewer_Scripter.cpp" />
    <ClCompile Include="Sections\AttrViewers\AttrViewer_Shader.cpp" />
    <ClCompile Include="Sections\AttrViewers\AttrViewer_Texture.cpp" />
    <ClCompile Include="Sections\AttrViewers\AttrViewer_Transform.cpp" />
    <ClCompile Include="Sections\Builders\ProjectBuilderImpl.cpp" />
    <ClCompile Include="Sections\Selectors\Selector_Material.cpp" />
    <ClCompile Include="Sections\Selectors\Selector_Mesh.cpp" />
    <ClCompile Include="Sections\Selectors\Selector_Morph.cpp" />
    <ClCompile Include="Sections\Selectors\Selector_Scene.cpp" />
    <ClCompile Include="Sections\Selectors\Selector_Script.cpp" />
    <ClCompile Include="Sections\Selectors\Selector_Shader.cpp" />
    <ClCompile Include="Sections\Selectors\Selector_Texture.cpp" />
    <ClCompile Include="Sections\Serialize\JSON\JsonSerializer_CyredProj.cpp" />
    <ClCompile Include="Sections\Serialize\JSON\JsonSerializer_EditorConfig.cpp" />
    <ClCompile Include="Sections\Settings\EditorSettings.cpp" />
    <ClCompile Include="Sections\Settings\EditorSkin.cpp" />
    <ClCompile Include="Sections\Settings\ProjectSettings.cpp" />
    <ClCompile Include="Sections\Viewports\SceneViewport.cpp" />
    <ClCompile Include="Sections\MenuBar.cpp" />
    <ClCompile Include="Sections\Panel.cpp" />
    <ClCompile Include="Sections\SelectorPopup.cpp" />
    <ClCompile Include="Sections\Toolbar.cpp" />
    <ClCompile Include="EngineOverride\Input\InputReceiverQT.cpp" />
    <ClCompile Include="Sections\AttrViewers\AttrViewer_Light.cpp" />
    <ClCompile Include="Sections\AttrViewers\AttrViewer_Prefab.cpp" />
    <ClCompile Include="Sections\Selectors\Selector_Prefab.cpp" />
    <ClCompile Include="Sections\Panels\Panel_Assets.cpp" />
    <ClCompile Include="Sections\Panels\Panel_Attributes.cpp" />
    <ClCompile Include="Sections\Panels\Panel_Console.cpp" />
    <ClCompile Include="Sections\Panels\Panel_SceneHierarchy.cpp" />
    <ClCompile Include="Sections\Panels\Panel_Viewport.cpp" />
    <ClCompile Include="Sections\Panels\Panel_PrefabHierarchy.cpp" />
    <ClCompile Include="Sections\Menus\Menu_GameObject.cpp" />
    <ClCompile Include="Sections\Menus\Menu_Scene.cpp" />
    <ClCompile Include="Sections\Menus\Menu_Prefab.cpp" />
    <ClCompile Include="Sections\Viewports\PrefabViewport.cpp" />
  </ItemGroup>
  <ItemGroup>
    <ClInclude Include="EditorApp.h" />
    <ClInclude Include="EngineOverride\OpenGL\GLContextImpl.h" />
    <ClInclude Include="EngineOverride\OpenGL\GLImpl_3_0.h" />
    <ClInclude Include="EngineOverride\File\FileSystemWindows.h" />
    <ClInclude Include="Utils\CustomTreeWidget.h" />
    <ClInclude Include="EngineOverride\File\MeshLoaderWindows.h" />
    <ClInclude Include="InternalAssets\FreeCameraControl.h" />
    <ClInclude Include="Utils\QtUtils.h" />
    <ClInclude Include="Sections\AttrViewers\AttrViewer.h" />
    <ClInclude Include="Sections\AttrViewers\AttrViewer_Camera.h" />
    <ClInclude Include="Sections\AttrViewers\AttrViewer_CyredProj.h" />
    <ClInclude Include="Sections\AttrViewers\AttrViewer_GameObject.h" />
    <ClInclude Include="Sections\AttrViewers\AttrViewer_Material.h" />
    <ClInclude Include="Sections\AttrViewers\AttrViewer_Mesh.h" />
    <ClInclude Include="Sections\AttrViewers\AttrViewer_MeshRendering.h" />
    <ClInclude Include="Sections\AttrViewers\AttrViewer_Morph.h" />
    <ClInclude Include="Sections\AttrViewers\AttrViewer_MorphRendering.h" />
    <ClInclude Include="Sections\AttrViewers\AttrViewer_ParticleEmitter.h" />
    <ClInclude Include="Sections\AttrViewers\AttrViewer_Scene.h" />
    <ClInclude Include="Sections\AttrViewers\AttrViewer_Script.h" />
    <ClInclude Include="Sections\AttrViewers\AttrViewer_Scripter.h" />
    <ClInclude Include="Sections\AttrViewers\AttrViewer_Shader.h" />
    <ClInclude Include="Sections\AttrViewers\AttrViewer_Texture.h" />
    <ClInclude Include="Sections\AttrViewers\AttrViewer_Transform.h" />
    <ClInclude Include="Sections\Builders\ProjectBuilder.h" />
    <ClInclude Include="Sections\Builders\ProjectBuilderImpl.h" />
    <ClInclude Include="Sections\Selectors\Selector.h" />
    <ClInclude Include="Sections\Selectors\Selector_Material.h" />
    <ClInclude Include="Sections\Selectors\Selector_Mesh.h" />
    <ClInclude Include="Sections\Selectors\Selector_Morph.h" />
    <ClInclude Include="Sections\Selectors\Selector_Scene.h" />
    <ClInclude Include="Sections\Selectors\Selector_Script.h" />
    <ClInclude Include="Sections\Selectors\Selector_Shader.h" />
    <ClInclude Include="Sections\Selectors\Selector_Texture.h" />
    <ClInclude Include="Sections\Serialize\JSON\JsonSerializer_CyredProj.h" />
    <ClInclude Include="Sections\Serialize\JSON\JsonSerializer_EditorConfig.h" />
    <ClInclude Include="Sections\Settings\EditorSettings.h" />
    <ClInclude Include="Sections\Settings\EditorSkin.h" />
    <ClInclude Include="Sections\Settings\ProjectSettings.h" />
    <ClInclude Include="Sections\Viewports\SceneViewport.h" />
    <ClInclude Include="Sections\MenuBar.h" />
    <ClInclude Include="Sections\Panel.h" />
    <ClInclude Include="Sections\SelectorPopup.h" />
    <ClInclude Include="Sections\Toolbar.h" />
    <ClInclude Include="EngineOverride\Input\InputReceiverQT.h" />
    <ClInclude Include="Sections\AttrViewers\AttrViewer_Light.h" />
    <ClInclude Include="Sections\AttrViewers\AttrViewer_Prefab.h" />
    <ClInclude Include="Sections\Selectors\Selector_Prefab.h" />
    <ClInclude Include="Sections\Panels\Panel_Assets.h" />
    <ClInclude Include="Sections\Panels\Panel_Attributes.h" />
    <ClInclude Include="Sections\Panels\Panel_Console.h" />
    <ClInclude Include="Sections\Panels\Panel_SceneHierarchy.h" />
    <ClInclude Include="Sections\Panels\Panel_Viewport.h" />
    <ClInclude Include="Sections\Panels\Panel_PrefabHierarchy.h" />
    <ClInclude Include="Sections\Menus\Menu_GameObject.h" />
    <ClInclude Include="Utils\CustomTreeItem.h" />
    <ClInclude Include="Sections\Menus\Menu_Scene.h" />
    <ClInclude Include="Sections\Menus\Menu_Prefab.h" />
    <ClInclude Include="Sections\Viewports\PrefabViewport.h" />
  </ItemGroup>
</Project>