<?xml version="1.0" encoding="utf-8"?>
<Project ToolsVersion="4.0" xmlns="http://schemas.microsoft.com/developer/msbuild/2003">
  <ItemGroup>
    <ClInclude Include="1_Required\Macros.h" />
    <ClInclude Include="1_Required\Singleton.h" />
    <ClInclude Include="2_BuildingBlocks\Component.h" />
    <ClInclude Include="2_BuildingBlocks\GameObject.h" />
    <ClInclude Include="3_Modules\Asset\AssetManager.h" />
    <ClInclude Include="3_Modules\File\FileManager.h" />
    <ClInclude Include="3_Modules\Input\InputManager.h" />
    <ClInclude Include="3_Modules\Render\Components\Camera.h" />
    <ClInclude Include="3_Modules\Render\Components\Light.h" />
    <ClInclude Include="3_Modules\Render\RenderManager.h" />
    <ClInclude Include="3_Modules\Scene\SceneManager.h" />
    <ClInclude Include="3_Modules\Script\ScriptManager.h" />
    <ClInclude Include="3_Modules\Render\RenderManagerImpl.h" />
    <ClInclude Include="4_Application\Application.h" />
    <ClInclude Include="DLL_Include\CyredRequired.h" />
    <ClInclude Include="3_Modules\Render\OpenGL\GLContext.h" />
    <ClInclude Include="3_Modules\Render\OpenGL\GL.h" />
    <ClInclude Include="1_Required\Required.h" />
    <ClInclude Include="1_Required\CodingStyle.h" />
    <ClInclude Include="3_Modules\Render\Renderers\Renderer.h" />
    <ClInclude Include="3_Modules\Render\Renderers\ForwardRenderer.h" />
    <ClInclude Include="2_BuildingBlocks\Data\Iterator.h" />
    <ClInclude Include="2_BuildingBlocks\Data\DataMap.h" />
    <ClInclude Include="2_BuildingBlocks\Data\DataArray.h" />
    <ClInclude Include="2_BuildingBlocks\Math\Vector2.h" />
    <ClInclude Include="3_Modules\Scene\SceneManagerImpl.h" />
    <ClInclude Include="2_BuildingBlocks\Math\Vector3.h" />
    <ClInclude Include="2_BuildingBlocks\Math\Vector4.h" />
    <ClInclude Include="2_BuildingBlocks\Math\Quaternion.h" />
    <ClInclude Include="2_BuildingBlocks\Math\Matrix4.h" />
    <ClInclude Include="2_BuildingBlocks\Math\Math.h" />
    <ClInclude Include="3_Modules\Event\EventManager.h" />
    <ClInclude Include="3_Modules\Event\EventManagerImpl.h" />
    <ClInclude Include="2_BuildingBlocks\Data\DataUnion.h" />
    <ClInclude Include="3_Modules\Render\Components\MeshRendering.h" />
    <ClInclude Include="DLL_Include\CyredOpenGL.h" />
    <ClInclude Include="3_Modules\Asset\AssetManagerImpl.h" />
    <ClInclude Include="3_Modules\File\FileManagerImpl.h" />
    <ClInclude Include="3_Modules\Render\OpenGL\Vertex.h" />
    <ClInclude Include="3_Modules\Render\Assets\Material.h" />
    <ClInclude Include="3_Modules\Render\Assets\Mesh.h" />
    <ClInclude Include="3_Modules\Render\Assets\Shader.h" />
    <ClInclude Include="3_Modules\Render\Assets\Texture.h" />
    <ClInclude Include="3_Modules\Render\OpenGL\Uniform.h" />
    <ClInclude Include="3_Modules\Input\InputManagerImpl.h" />
    <ClInclude Include="3_Modules\Debug\DebugManager.h" />
    <ClInclude Include="3_Modules\Debug\DebugManagerImpl.h" />
    <ClInclude Include="3_Modules\Time\TimeManagerImpl.h" />
    <ClInclude Include="3_Modules\Time\TimeManager.h" />
    <ClInclude Include="2_BuildingBlocks\Components\Transform.h" />
    <ClInclude Include="3_Modules\Render\OpenGL\ParticleVertex.h" />
    <ClInclude Include="2_BuildingBlocks\Random\Random.h" />
    <ClInclude Include="3_Modules\Render\Components\ParticleEmitter.h" />
    <ClInclude Include="DLL_Include\CyredBuildingBlocks.h" />
    <ClInclude Include="DLL_Include\CyredModule_Render.h" />
    <ClInclude Include="DLL_Include\CyredModule_File.h" />
    <ClInclude Include="DLL_Include\CyredModule_Event.h" />
    <ClInclude Include="DLL_Include\CyredModule_Asset.h" />
    <ClInclude Include="DLL_Include\CyredModule_Input.h" />
    <ClInclude Include="DLL_Include\CyredModule_Scene.h" />
    <ClInclude Include="DLL_Include\CyredModule_Time.h" />
    <ClInclude Include="DLL_Include\CyredModule_Script.h" />
    <ClInclude Include="DLL_Include\CyredModule_Debug.h" />
    <ClInclude Include="DLL_Include\CyredApplication.h" />
    <ClInclude Include="3_Modules\File\Serialize\SerializeSystem.h" />
    <ClInclude Include="3_Modules\File\Serialize\Serializer.h" />
    <ClInclude Include="3_Modules\File\Serialize\JSON\JsonSerializeSystem.h" />
    <ClInclude Include="3_Modules\File\Serialize\JSON\JsonSerializer_Scene.h" />
    <ClInclude Include="3_Modules\File\Serialize\JSON\JsonSerializer_GameObject.h" />
    <ClInclude Include="2_BuildingBlocks\Asset.h" />
    <ClInclude Include="3_Modules\File\Serialize\JSON\JsonSerializer_Transform.h" />
    <ClInclude Include="3_Modules\File\Serialize\JSON\JsonSerializer_ParticleEmitter.h" />
    <ClInclude Include="3_Modules\File\Serialize\JSON\JsonSerializer.h" />
    <ClInclude Include="3_Modules\File\Serialize\JSON\JsonSerializer_Material.h" />
    <ClInclude Include="3_Modules\File\Serialize\JSON\JsonSerializer_Shader.h" />
    <ClInclude Include="3_Modules\File\Serialize\JSON\JsonSerializer_Texture.h" />
    <ClInclude Include="2_BuildingBlocks\String\String.h" />
    <ClInclude Include="2_BuildingBlocks\String\FiniteString.h" />
    <ClInclude Include="3_Modules\File\Serialize\JSON\JsonSerializer_Camera.h" />
    <ClInclude Include="3_Modules\File\Serialize\JSON\JsonSerializer_AppConfig.h" />
    <ClInclude Include="4_Application\AppConfig.h" />
    <ClInclude Include="3_Modules\File\Serialize\JSON\JsonSerializer_Mesh.h" />
    <ClInclude Include="3_Modules\Render\Assets\Morph.h" />
    <ClInclude Include="3_Modules\Render\OpenGL\MorphVertex.h" />
    <ClInclude Include="3_Modules\File\Serialize\JSON\JsonSerializer_Morph.h" />
    <ClInclude Include="3_Modules\Render\Components\MorphRendering.h" />
    <ClInclude Include="3_Modules\File\Serialize\JSON\JsonSerializer_MeshRendering.h" />
    <ClInclude Include="3_Modules\File\Serialize\JSON\JsonSerializer_MorphRendering.h" />
    <ClInclude Include="3_Modules\Script\ScriptManagerImpl.h" />
    <ClInclude Include="3_Modules\File\Serialize\JSON\JsonSerializer_Script.h" />
    <ClInclude Include="3_Modules\Script\Assets\Script.h" />
    <ClInclude Include="3_Modules\Script\Components\Scripter.h" />
    <ClInclude Include="3_Modules\File\Serialize\JSON\JsonSerializer_Scripter.h" />
    <ClInclude Include="3_Modules\Event\Sections\Events.h" />
    <ClInclude Include="3_Modules\Event\Sections\IEventListener.h" />
    <ClInclude Include="3_Modules\File\Sections\FileSystem.h" />
    <ClInclude Include="3_Modules\File\Sections\MeshLoader.h" />
    <ClInclude Include="3_Modules\Input\Sections\InputEvent.h" />
    <ClInclude Include="3_Modules\Input\Sections\InputReceiver.h" />
    <ClInclude Include="3_Modules\Input\Sections\KeyCode.h" />
    <ClInclude Include="3_Modules\Scene\Sections\Scene.h" />
    <ClInclude Include="3_Modules\Render\Assets\MeshEnum.h" />
    <ClInclude Include="3_Modules\File\Serialize\JSON\JsonSerializer_Light.h" />
    <ClInclude Include="3_Modules\Asset\Assets\Prefab.h" />
    <ClInclude Include="3_Modules\File\Serialize\JSON\JsonSerializer_Prefab.h" />
    <ClInclude Include="3_Modules\Render\Renderers\PickingRenderer.h" />
    <ClInclude Include="2_BuildingBlocks\Node.h" />
    <ClInclude Include="3_Modules\Physics\PhysicsManager.h" />
    <ClInclude Include="3_Modules\Physics\PhysicsManagerImpl.h" />
    <ClInclude Include="DLL_Include\CyredModule_Physics.h" />
    <ClInclude Include="3_Modules\Physics\Components\RigidBody.h" />
    <ClInclude Include="3_Modules\File\Serialize\JSON\JsonSerializer_RigidBody.h" />
    <ClInclude Include="3_Modules\Render\Components\Text3D.h" />
    <ClInclude Include="3_Modules\Render\Assets\Font.h" />
    <ClInclude Include="3_Modules\File\Serialize\JSON\JsonSerializer_Font.h" />
  </ItemGroup>
  <ItemGroup>
    <ClCompile Include="dll_main.cpp" />
    <ClCompile Include="3_Modules\Render\RenderManagerImpl.cpp" />
    <ClCompile Include="3_Modules\Render\Renderers\ForwardRenderer.cpp" />
    <ClCompile Include="3_Modules\Render\OpenGL\GLContext.cpp" />
    <ClCompile Include="2_BuildingBlocks\Component.cpp" />
    <ClCompile Include="2_BuildingBlocks\GameObject.cpp" />
    <ClCompile Include="3_Modules\Scene\SceneManagerImpl.cpp" />
    <ClCompile Include="2_BuildingBlocks\Math\Vector2.cpp" />
    <ClCompile Include="2_BuildingBlocks\Math\Vector3.cpp" />
    <ClCompile Include="2_BuildingBlocks\Math\Vector4.cpp" />
    <ClCompile Include="2_BuildingBlocks\Math\Quaternion.cpp" />
    <ClCompile Include="2_BuildingBlocks\Math\Matrix4.cpp" />
    <ClCompile Include="2_BuildingBlocks\Math\Math.cpp" />
    <ClCompile Include="4_Application\Application.cpp" />
    <ClCompile Include="3_Modules\Event\EventManagerImpl.cpp" />
    <ClCompile Include="2_BuildingBlocks\Data\DataUnion.cpp" />
    <ClCompile Include="3_Modules\Render\Components\Camera.cpp" />
    <ClCompile Include="3_Modules\Render\Components\MeshRendering.cpp" />
    <ClCompile Include="3_Modules\Asset\AssetManagerImpl.cpp" />
    <ClCompile Include="3_Modules\Render\Renderers\Renderer.cpp" />
    <ClCompile Include="3_Modules\File\FileManagerImpl.cpp" />
    <ClCompile Include="3_Modules\Render\Assets\Material.cpp" />
    <ClCompile Include="3_Modules\Render\Assets\Mesh.cpp" />
    <ClCompile Include="3_Modules\Render\Assets\Shader.cpp" />
    <ClCompile Include="3_Modules\Render\OpenGL\Uniform.cpp" />
    <ClCompile Include="3_Modules\Input\InputManagerImpl.cpp" />
    <ClCompile Include="3_Modules\Debug\DebugManagerImpl.cpp" />
    <ClCompile Include="3_Modules\Time\TimeManagerImpl.cpp" />
    <ClCompile Include="3_Modules\Render\Assets\Texture.cpp" />
    <ClCompile Include="2_BuildingBlocks\Components\Transform.cpp" />
    <ClCompile Include="2_BuildingBlocks\Random\Random.cpp" />
    <ClCompile Include="3_Modules\Render\Components\ParticleEmitter.cpp" />
    <ClCompile Include="3_Modules\File\Serialize\JSON\JsonSerializeSystem.cpp" />
    <ClCompile Include="3_Modules\File\Serialize\JSON\JsonSerializer_Scene.cpp" />
    <ClCompile Include="3_Modules\File\Serialize\JSON\JsonSerializer_GameObject.cpp" />
    <ClCompile Include="2_BuildingBlocks\Asset.cpp" />
    <ClCompile Include="3_Modules\File\Serialize\JSON\JsonSerializer_Transform.cpp" />
    <ClCompile Include="3_Modules\File\Serialize\JSON\JsonSerializer_ParticleEmitter.cpp" />
    <ClCompile Include="3_Modules\File\Serialize\JSON\JsonSerializer.cpp" />
    <ClCompile Include="3_Modules\File\Serialize\JSON\JsonSerializer_Material.cpp" />
    <ClCompile Include="3_Modules\File\Serialize\JSON\JsonSerializer_Shader.cpp" />
    <ClCompile Include="3_Modules\File\Serialize\JSON\JsonSerializer_Texture.cpp" />
    <ClCompile Include="2_BuildingBlocks\String\String.cpp" />
    <ClCompile Include="2_BuildingBlocks\String\FiniteString.cpp" />
    <ClCompile Include="3_Modules\File\Serialize\JSON\JsonSerializer_Camera.cpp" />
    <ClCompile Include="3_Modules\File\Serialize\JSON\JsonSerializer_AppConfig.cpp" />
    <ClCompile Include="4_Application\AppConfig.cpp" />
    <ClCompile Include="3_Modules\File\Serialize\JSON\JsonSerializer_Mesh.cpp" />
    <ClCompile Include="3_Modules\Render\Assets\Morph.cpp" />
    <ClCompile Include="3_Modules\File\Serialize\JSON\JsonSerializer_Morph.cpp" />
    <ClCompile Include="3_Modules\Render\Components\MorphRendering.cpp" />
    <ClCompile Include="3_Modules\File\Serialize\JSON\JsonSerializer_MeshRendering.cpp" />
    <ClCompile Include="3_Modules\File\Serialize\JSON\JsonSerializer_MorphRendering.cpp" />
    <ClCompile Include="3_Modules\Script\ScriptManagerImpl.cpp" />
    <ClCompile Include="3_Modules\File\Serialize\JSON\JsonSerializer_Script.cpp" />
    <ClCompile Include="3_Modules\Script\Assets\Script.cpp" />
    <ClCompile Include="3_Modules\Script\Components\Scripter.cpp" />
    <ClCompile Include="3_Modules\File\Serialize\JSON\JsonSerializer_Scripter.cpp" />
    <ClCompile Include="3_Modules\File\Sections\FileSystem.cpp" />
    <ClCompile Include="3_Modules\File\Sections\MeshLoader.cpp" />
    <ClCompile Include="3_Modules\Input\Sections\InputReceiver.cpp" />
    <ClCompile Include="3_Modules\Scene\Sections\Scene.cpp" />
    <ClCompile Include="3_Modules\Render\Components\Light.cpp" />
    <ClCompile Include="3_Modules\File\Serialize\JSON\JsonSerializer_Light.cpp" />
    <ClCompile Include="3_Modules\Asset\Assets\Prefab.cpp" />
    <ClCompile Include="3_Modules\File\Serialize\JSON\JsonSerializer_Prefab.cpp" />
    <ClCompile Include="3_Modules\Render\Renderers\PickingRenderer.cpp" />
    <ClCompile Include="2_BuildingBlocks\Node.cpp" />
    <ClCompile Include="3_Modules\Physics\PhysicsManagerImpl.cpp" />
    <ClCompile Include="3_Modules\Physics\Components\RigidBody.cpp" />
    <ClCompile Include="3_Modules\File\Serialize\JSON\JsonSerializer_RigidBody.cpp" />
    <ClCompile Include="3_Modules\Render\Components\Text3D.cpp" />
    <ClCompile Include="3_Modules\Render\Assets\Font.cpp" />
    <ClCompile Include="3_Modules\File\Serialize\JSON\JsonSerializer_Font.cpp" />
  </ItemGroup>
</Project>