<?xml version="1.0" encoding="utf-8"?>
<Project ToolsVersion="4.0" xmlns="http://schemas.microsoft.com/developer/msbuild/2003">
  <ItemGroup>
    <ClCompile Include="StandaloneApp.cpp" />
    <ClCompile Include="EngineOverride\OpenGL\GLContextImpl.cpp" />
    <ClCompile Include="EngineOverride\OpenGL\GLImpl_3_0.cpp" />
    <ClCompile Include="main.cpp" />
    <ClCompile Include="EngineOverride\Debug\ConsoleWindows.cpp" />
    <ClCompile Include="EngineOverride\File\FileSystemWindows.cpp" />
    <ClCompile Include="Fragments\GameInitScript.cpp" />
  </ItemGroup>
  <ItemGroup>
    <ClInclude Include="SampleTest\SampleController.h" />
    <ClInclude Include="StandaloneApp.h" />
    <ClInclude Include="EngineOverride\OpenGL\GLContextImpl.h" />
    <ClInclude Include="EngineOverride\OpenGL\GLImpl_3_0.h" />
    <ClInclude Include="EngineOverride\Debug\ConsoleWindows.h" />
    <ClInclude Include="EngineOverride\File\FileSystemWindows.h" />
    <ClInclude Include="Fragments\GameInitScript.h" />
  </ItemGroup>
</Project>